
Microsoft Visual Studio Solution File, Format Version 12.00
# Visual Studio Version 17
VisualStudioVersion = 17.1.32407.343
MinimumVisualStudioVersion = 10.0.40219.1
Project("{9A19103F-16F7-4668-BE54-9A1E7A4F7556}") = "GitVerstion-Test", "GitVerstion-Test\GitVerstion-Test.csproj", "{3BE97F4E-DDB4-4EFD-BACB-9B3DC7B287FA}"
EndProject
Global
	GlobalSection(SolutionConfigurationPlatforms) = preSolution
		Debug|Any CPU = Debug|Any CPU
		Release|Any CPU = Release|Any CPU
	EndGlobalSection
	GlobalSection(ProjectConfigurationPlatforms) = postSolution
		{3BE97F4E-DDB4-4EFD-BACB-9B3DC7B287FA}.Debug|Any CPU.ActiveCfg = Debug|Any CPU
		{3BE97F4E-DDB4-4EFD-BACB-9B3DC7B287FA}.Debug|Any CPU.Build.0 = Debug|Any CPU
		{3BE97F4E-DDB4-4EFD-BACB-9B3DC7B287FA}.Release|Any CPU.ActiveCfg = Release|Any CPU
		{3BE97F4E-DDB4-4EFD-BACB-9B3DC7B287FA}.Release|Any CPU.Build.0 = Release|Any CPU
	EndGlobalSection
	GlobalSection(SolutionProperties) = preSolution
		HideSolutionNode = FALSE
	EndGlobalSection
	GlobalSection(ExtensibilityGlobals) = postSolution
		SolutionGuid = {012281BB-C443-4E65-8B9B-B97DABEAFA9B}
	EndGlobalSection
EndGlobal
